{
  "requires": true,
  "lockfileVersion": 1,
  "dependencies": {
    "@fontsource/metropolis": {
      "version": "4.5.3",
      "resolved": "https://registry.npmjs.org/@fontsource/metropolis/-/metropolis-4.5.3.tgz",
      "integrity": "sha512-jxtbEVaYriPYYaFk9uyt/K+cJISEBQsxoFvCCugoqqkgHpMUUJSrMvS741F15h5+xbGTsgBTBv+pxrvn52TsRw=="
    }
  }
}
